
Microsoft Visual Studio Solution File, Format Version 12.00
# Visual Studio Version 17
VisualStudioVersion = 17.2.32616.157
MinimumVisualStudioVersion = 10.0.40219.1
Project("{FAE04EC0-301F-11D3-BF4B-00C04F79EFBC}") = "WebAPIApp", "WebAPIApp\WebAPIApp.csproj", "{D9140BFB-F09B-4242-B5E6-3CFD40C63D4C}"
EndProject
Global
	GlobalSection(SolutionConfigurationPlatforms) = preSolution
		Debug|Any CPU = Debug|Any CPU
		Release|Any CPU = Release|Any CPU
	EndGlobalSection
	GlobalSection(ProjectConfigurationPlatforms) = postSolution
		{D9140BFB-F09B-4242-B5E6-3CFD40C63D4C}.Debug|Any CPU.ActiveCfg = Debug|Any CPU
		{D9140BFB-F09B-4242-B5E6-3CFD40C63D4C}.Debug|Any CPU.Build.0 = Debug|Any CPU
		{D9140BFB-F09B-4242-B5E6-3CFD40C63D4C}.Release|Any CPU.ActiveCfg = Release|Any CPU
		{D9140BFB-F09B-4242-B5E6-3CFD40C63D4C}.Release|Any CPU.Build.0 = Release|Any CPU
	EndGlobalSection
	GlobalSection(SolutionProperties) = preSolution
		HideSolutionNode = FALSE
	EndGlobalSection
	GlobalSection(ExtensibilityGlobals) = postSolution
		SolutionGuid = {6B8AC028-3651-47A8-A541-F12CFD7E5609}
	EndGlobalSection
EndGlobal
